
Microsoft Visual Studio Solution File, Format Version 12.00
# Visual Studio Version 16
VisualStudioVersion = 16.0.31321.278
MinimumVisualStudioVersion = 10.0.40219.1
Project("{FAE04EC0-301F-11D3-BF4B-00C04F79EFBC}") = "ByteBank.SistemaAgencia", "ByteBank.SistemaAgencia\ByteBank.SistemaAgencia.csproj", "{42D424A5-E3E3-4D74-82E3-0846D3BD96CB}"
EndProject
Project("{FAE04EC0-301F-11D3-BF4B-00C04F79EFBC}") = "ByteBank.Modelos", "ByteBank.Modelos\ByteBank.Modelos.csproj", "{9EB7D72C-CBCC-460A-9797-8D1F37D80ABA}"
EndProject
Global
	GlobalSection(SolutionConfigurationPlatforms) = preSolution
		Debug|Any CPU = Debug|Any CPU
		Release|Any CPU = Release|Any CPU
	EndGlobalSection
	GlobalSection(ProjectConfigurationPlatforms) = postSolution
		{42D424A5-E3E3-4D74-82E3-0846D3BD96CB}.Debug|Any CPU.ActiveCfg = Debug|Any CPU
		{42D424A5-E3E3-4D74-82E3-0846D3BD96CB}.Debug|Any CPU.Build.0 = Debug|Any CPU
		{42D424A5-E3E3-4D74-82E3-0846D3BD96CB}.Release|Any CPU.ActiveCfg = Release|Any CPU
		{42D424A5-E3E3-4D74-82E3-0846D3BD96CB}.Release|Any CPU.Build.0 = Release|Any CPU
		{9EB7D72C-CBCC-460A-9797-8D1F37D80ABA}.Debug|Any CPU.ActiveCfg = Debug|Any CPU
		{9EB7D72C-CBCC-460A-9797-8D1F37D80ABA}.Debug|Any CPU.Build.0 = Debug|Any CPU
		{9EB7D72C-CBCC-460A-9797-8D1F37D80ABA}.Release|Any CPU.ActiveCfg = Release|Any CPU
		{9EB7D72C-CBCC-460A-9797-8D1F37D80ABA}.Release|Any CPU.Build.0 = Release|Any CPU
	EndGlobalSection
	GlobalSection(SolutionProperties) = preSolution
		HideSolutionNode = FALSE
	EndGlobalSection
	GlobalSection(ExtensibilityGlobals) = postSolution
		SolutionGuid = {7989E392-CCD7-475F-8A0D-C027E4559A51}
	EndGlobalSection
EndGlobal
